Microsoft Visual Studio Solution File, Format Version 12.00
# Visual Studio Version 16
VisualStudioVersion = 16.0.30611.23
MinimumVisualStudioVersion = 10.0.40219.1
Project("{9A19103F-16F7-4668-BE54-9A1E7A4F7556}") = "mpp_4", "mpp_4.csproj", "{AAC19AF0-1D06-4C35-B182-0D3FCD5019E5}"
EndProject
Project("{9A19103F-16F7-4668-BE54-9A1E7A4F7556}") = "TestGeneratorLib", "..\TestGeneratorLib\TestGeneratorLib.csproj", "{15FC5DF9-9E98-4B0C-AD58-F76DD5D28220}"
EndProject
Project("{FAE04EC0-301F-11D3-BF4B-00C04F79EFBC}") = "Tests", "..\Tests\Tests.csproj", "{AA768207-8FD2-4013-A7F2-27B91352C138}"
EndProject
Global
	GlobalSection(SolutionConfigurationPlatforms) = preSolution
		Debug|Any CPU = Debug|Any CPU
		Release|Any CPU = Release|Any CPU
	EndGlobalSection
	GlobalSection(ProjectConfigurationPlatforms) = postSolution
		{AAC19AF0-1D06-4C35-B182-0D3FCD5019E5}.Debug|Any CPU.ActiveCfg = Debug|Any CPU
		{AAC19AF0-1D06-4C35-B182-0D3FCD5019E5}.Debug|Any CPU.Build.0 = Debug|Any CPU
		{AAC19AF0-1D06-4C35-B182-0D3FCD5019E5}.Release|Any CPU.ActiveCfg = Release|Any CPU
		{AAC19AF0-1D06-4C35-B182-0D3FCD5019E5}.Release|Any CPU.Build.0 = Release|Any CPU
		{15FC5DF9-9E98-4B0C-AD58-F76DD5D28220}.Debug|Any CPU.ActiveCfg = Debug|Any CPU
		{15FC5DF9-9E98-4B0C-AD58-F76DD5D28220}.Debug|Any CPU.Build.0 = Debug|Any CPU
		{15FC5DF9-9E98-4B0C-AD58-F76DD5D28220}.Release|Any CPU.ActiveCfg = Release|Any CPU
		{15FC5DF9-9E98-4B0C-AD58-F76DD5D28220}.Release|Any CPU.Build.0 = Release|Any CPU
		{AA768207-8FD2-4013-A7F2-27B91352C138}.Debug|Any CPU.ActiveCfg = Debug|Any CPU
		{AA768207-8FD2-4013-A7F2-27B91352C138}.Debug|Any CPU.Build.0 = Debug|Any CPU
		{AA768207-8FD2-4013-A7F2-27B91352C138}.Release|Any CPU.ActiveCfg = Release|Any CPU
		{AA768207-8FD2-4013-A7F2-27B91352C138}.Release|Any CPU.Build.0 = Release|Any CPU
	EndGlobalSection
	GlobalSection(SolutionProperties) = preSolution
		HideSolutionNode = FALSE
	EndGlobalSection
	GlobalSection(ExtensibilityGlobals) = postSolution
		SolutionGuid = {E26DB0FE-45CF-48C8-8DDE-FC47455D469D}
	EndGlobalSection
EndGlobal
